
Microsoft Visual Studio Solution File, Format Version 12.00
# Visual Studio Version 17
VisualStudioVersion = 17.5.33424.131
MinimumVisualStudioVersion = 10.0.40219.1
Project("{9A19103F-16F7-4668-BE54-9A1E7A4F7556}") = "FilmRatingsApp", "FilmRatingsApp\FilmRatingsApp.csproj", "{767F8592-7404-4D26-B1F8-51D6A4B49006}"
EndProject
Project("{9A19103F-16F7-4668-BE54-9A1E7A4F7556}") = "FilmRatingsApp.Core", "FilmRatingsApp.Core\FilmRatingsApp.Core.csproj", "{867AD2C5-2C74-4CBD-85DA-0FDF71B27C8E}"
EndProject
Project("{9A19103F-16F7-4668-BE54-9A1E7A4F7556}") = "FilmRatingsApp.Tests.MSTest", "FilmRatingsApp.Tests.MSTest\FilmRatingsApp.Tests.MSTest.csproj", "{4B6E36DE-9735-4D18-A292-231379718692}"
EndProject
Project("{FAE04EC0-301F-11D3-BF4B-00C04F79EFBC}") = "FilmRatingsAppTests", "FilmRatingsAppTests\FilmRatingsAppTests.csproj", "{091C6A8B-B1C9-4932-B7F8-CE1AA353761C}"
EndProject
Global
	GlobalSection(SolutionConfigurationPlatforms) = preSolution
		Debug|Any CPU = Debug|Any CPU
		Debug|arm64 = Debug|arm64
		Debug|x64 = Debug|x64
		Debug|x86 = Debug|x86
		Release|Any CPU = Release|Any CPU
		Release|arm64 = Release|arm64
		Release|x64 = Release|x64
		Release|x86 = Release|x86
	EndGlobalSection
	GlobalSection(ProjectConfigurationPlatforms) = postSolution
		{767F8592-7404-4D26-B1F8-51D6A4B49006}.Debug|Any CPU.ActiveCfg = Debug|x64
		{767F8592-7404-4D26-B1F8-51D6A4B49006}.Debug|Any CPU.Build.0 = Debug|x64
		{767F8592-7404-4D26-B1F8-51D6A4B49006}.Debug|Any CPU.Deploy.0 = Debug|x64
		{767F8592-7404-4D26-B1F8-51D6A4B49006}.Debug|arm64.ActiveCfg = Debug|arm64
		{767F8592-7404-4D26-B1F8-51D6A4B49006}.Debug|arm64.Build.0 = Debug|arm64
		{767F8592-7404-4D26-B1F8-51D6A4B49006}.Debug|arm64.Deploy.0 = Debug|arm64
		{767F8592-7404-4D26-B1F8-51D6A4B49006}.Debug|x64.ActiveCfg = Debug|x64
		{767F8592-7404-4D26-B1F8-51D6A4B49006}.Debug|x64.Build.0 = Debug|x64
		{767F8592-7404-4D26-B1F8-51D6A4B49006}.Debug|x64.Deploy.0 = Debug|x64
		{767F8592-7404-4D26-B1F8-51D6A4B49006}.Debug|x86.ActiveCfg = Debug|x86
		{767F8592-7404-4D26-B1F8-51D6A4B49006}.Debug|x86.Build.0 = Debug|x86
		{767F8592-7404-4D26-B1F8-51D6A4B49006}.Debug|x86.Deploy.0 = Debug|x86
		{767F8592-7404-4D26-B1F8-51D6A4B49006}.Release|Any CPU.ActiveCfg = Release|x64
		{767F8592-7404-4D26-B1F8-51D6A4B49006}.Release|Any CPU.Build.0 = Release|x64
		{767F8592-7404-4D26-B1F8-51D6A4B49006}.Release|Any CPU.Deploy.0 = Release|x64
		{767F8592-7404-4D26-B1F8-51D6A4B49006}.Release|arm64.ActiveCfg = Release|arm64
		{767F8592-7404-4D26-B1F8-51D6A4B49006}.Release|arm64.Build.0 = Release|arm64
		{767F8592-7404-4D26-B1F8-51D6A4B49006}.Release|arm64.Deploy.0 = Release|arm64
		{767F8592-7404-4D26-B1F8-51D6A4B49006}.Release|x64.ActiveCfg = Release|x64
		{767F8592-7404-4D26-B1F8-51D6A4B49006}.Release|x64.Build.0 = Release|x64
		{767F8592-7404-4D26-B1F8-51D6A4B49006}.Release|x64.Deploy.0 = Release|x64
		{767F8592-7404-4D26-B1F8-51D6A4B49006}.Release|x86.ActiveCfg = Release|x86
		{767F8592-7404-4D26-B1F8-51D6A4B49006}.Release|x86.Build.0 = Release|x86
		{767F8592-7404-4D26-B1F8-51D6A4B49006}.Release|x86.Deploy.0 = Release|x86
		{867AD2C5-2C74-4CBD-85DA-0FDF71B27C8E}.Debug|Any CPU.ActiveCfg = Debug|Any CPU
		{867AD2C5-2C74-4CBD-85DA-0FDF71B27C8E}.Debug|Any CPU.Build.0 = Debug|Any CPU
		{867AD2C5-2C74-4CBD-85DA-0FDF71B27C8E}.Debug|arm64.ActiveCfg = Debug|arm64
		{867AD2C5-2C74-4CBD-85DA-0FDF71B27C8E}.Debug|arm64.Build.0 = Debug|arm64
		{867AD2C5-2C74-4CBD-85DA-0FDF71B27C8E}.Debug|x64.ActiveCfg = Debug|x64
		{867AD2C5-2C74-4CBD-85DA-0FDF71B27C8E}.Debug|x64.Build.0 = Debug|x64
		{867AD2C5-2C74-4CBD-85DA-0FDF71B27C8E}.Debug|x86.ActiveCfg = Debug|x86
		{867AD2C5-2C74-4CBD-85DA-0FDF71B27C8E}.Debug|x86.Build.0 = Debug|x86
		{867AD2C5-2C74-4CBD-85DA-0FDF71B27C8E}.Release|Any CPU.ActiveCfg = Release|Any CPU
		{867AD2C5-2C74-4CBD-85DA-0FDF71B27C8E}.Release|Any CPU.Build.0 = Release|Any CPU
		{867AD2C5-2C74-4CBD-85DA-0FDF71B27C8E}.Release|arm64.ActiveCfg = Release|arm64
		{867AD2C5-2C74-4CBD-85DA-0FDF71B27C8E}.Release|arm64.Build.0 = Release|arm64
		{867AD2C5-2C74-4CBD-85DA-0FDF71B27C8E}.Release|x64.ActiveCfg = Release|x64
		{867AD2C5-2C74-4CBD-85DA-0FDF71B27C8E}.Release|x64.Build.0 = Release|x64
		{867AD2C5-2C74-4CBD-85DA-0FDF71B27C8E}.Release|x86.ActiveCfg = Release|x86
		{867AD2C5-2C74-4CBD-85DA-0FDF71B27C8E}.Release|x86.Build.0 = Release|x86
		{4B6E36DE-9735-4D18-A292-231379718692}.Debug|Any CPU.ActiveCfg = Debug|x64
		{4B6E36DE-9735-4D18-A292-231379718692}.Debug|Any CPU.Build.0 = Debug|x64
		{4B6E36DE-9735-4D18-A292-231379718692}.Debug|arm64.ActiveCfg = Debug|arm64
		{4B6E36DE-9735-4D18-A292-231379718692}.Debug|arm64.Build.0 = Debug|arm64
		{4B6E36DE-9735-4D18-A292-231379718692}.Debug|x64.ActiveCfg = Debug|x64
		{4B6E36DE-9735-4D18-A292-231379718692}.Debug|x64.Build.0 = Debug|x64
		{4B6E36DE-9735-4D18-A292-231379718692}.Debug|x86.ActiveCfg = Debug|x86
		{4B6E36DE-9735-4D18-A292-231379718692}.Debug|x86.Build.0 = Debug|x86
		{4B6E36DE-9735-4D18-A292-231379718692}.Release|Any CPU.ActiveCfg = Release|x64
		{4B6E36DE-9735-4D18-A292-231379718692}.Release|Any CPU.Build.0 = Release|x64
		{4B6E36DE-9735-4D18-A292-231379718692}.Release|arm64.ActiveCfg = Release|arm64
		{4B6E36DE-9735-4D18-A292-231379718692}.Release|arm64.Build.0 = Release|arm64
		{4B6E36DE-9735-4D18-A292-231379718692}.Release|x64.ActiveCfg = Release|x64
		{4B6E36DE-9735-4D18-A292-231379718692}.Release|x64.Build.0 = Release|x64
		{4B6E36DE-9735-4D18-A292-231379718692}.Release|x86.ActiveCfg = Release|x86
		{4B6E36DE-9735-4D18-A292-231379718692}.Release|x86.Build.0 = Release|x86
		{091C6A8B-B1C9-4932-B7F8-CE1AA353761C}.Debug|Any CPU.ActiveCfg = Debug|Any CPU
		{091C6A8B-B1C9-4932-B7F8-CE1AA353761C}.Debug|Any CPU.Build.0 = Debug|Any CPU
		{091C6A8B-B1C9-4932-B7F8-CE1AA353761C}.Debug|arm64.ActiveCfg = Debug|Any CPU
		{091C6A8B-B1C9-4932-B7F8-CE1AA353761C}.Debug|arm64.Build.0 = Debug|Any CPU
		{091C6A8B-B1C9-4932-B7F8-CE1AA353761C}.Debug|x64.ActiveCfg = Debug|Any CPU
		{091C6A8B-B1C9-4932-B7F8-CE1AA353761C}.Debug|x64.Build.0 = Debug|Any CPU
		{091C6A8B-B1C9-4932-B7F8-CE1AA353761C}.Debug|x86.ActiveCfg = Debug|Any CPU
		{091C6A8B-B1C9-4932-B7F8-CE1AA353761C}.Debug|x86.Build.0 = Debug|Any CPU
		{091C6A8B-B1C9-4932-B7F8-CE1AA353761C}.Release|Any CPU.ActiveCfg = Release|Any CPU
		{091C6A8B-B1C9-4932-B7F8-CE1AA353761C}.Release|Any CPU.Build.0 = Release|Any CPU
		{091C6A8B-B1C9-4932-B7F8-CE1AA353761C}.Release|arm64.ActiveCfg = Release|Any CPU
		{091C6A8B-B1C9-4932-B7F8-CE1AA353761C}.Release|arm64.Build.0 = Release|Any CPU
		{091C6A8B-B1C9-4932-B7F8-CE1AA353761C}.Release|x64.ActiveCfg = Release|Any CPU
		{091C6A8B-B1C9-4932-B7F8-CE1AA353761C}.Release|x64.Build.0 = Release|Any CPU
		{091C6A8B-B1C9-4932-B7F8-CE1AA353761C}.Release|x86.ActiveCfg = Release|Any CPU
		{091C6A8B-B1C9-4932-B7F8-CE1AA353761C}.Release|x86.Build.0 = Release|Any CPU
	EndGlobalSection
	GlobalSection(SolutionProperties) = preSolution
		HideSolutionNode = FALSE
	EndGlobalSection
	GlobalSection(ExtensibilityGlobals) = postSolution
		SolutionGuid = {0CA62504-172F-4E31-B45D-8B130CD30C19}
	EndGlobalSection
EndGlobal
